
Microsoft Visual Studio Solution File, Format Version 12.00
# Visual Studio 15
VisualStudioVersion = 15.0.27703.2026
MinimumVisualStudioVersion = 10.0.40219.1
Project("{2150E333-8FDC-42A3-9474-1A3956D46DE8}") = "Sample1_Linq_FullFramework_Vs_DotNetCore", "Sample1_Linq_FullFramework_Vs_DotNetCore", "{85B79CBC-621E-44CB-B4A2-6FF4E1E2F282}"
EndProject
Project("{9A19103F-16F7-4668-BE54-9A1E7A4F7556}") = "Sample1_LibToBenchmark_Linq", "Sample1_Linq_FullFramework_Vs_DotNetCore\Sample1_LibToBenchmark_Linq\Sample1_LibToBenchmark_Linq.csproj", "{8DAC2BBE-7064-420E-80BE-E97AA4EADC90}"
EndProject
Project("{2150E333-8FDC-42A3-9474-1A3956D46DE8}") = "Sample2_ArrayPool", "Sample2_ArrayPool", "{BFD6FD69-D581-459A-8017-3C29E5A93801}"
EndProject
Project("{9A19103F-16F7-4668-BE54-9A1E7A4F7556}") = "ArrayPoolSample", "ArrayPoolSample\ArrayPoolSample.csproj", "{86A44F83-3ADE-4C75-BD53-FBB34308F1D0}"
EndProject
Project("{9A19103F-16F7-4668-BE54-9A1E7A4F7556}") = "Benchmark_Linq_DotNetCoreVsFullFramework", "Sample1_Linq_FullFramework_Vs_DotNetCore\Benchmark_Linq_DotNetCoreVsFullFramework\Benchmark_Linq_DotNetCoreVsFullFramework.csproj", "{96C745F7-DF84-479B-8EC3-33BB371D1776}"
EndProject
Project("{2150E333-8FDC-42A3-9474-1A3956D46DE8}") = "RefAndSpan", "RefAndSpan", "{596CDF6B-74C4-40E6-A257-D18BFDC095D5}"
EndProject
Project("{9A19103F-16F7-4668-BE54-9A1E7A4F7556}") = "StructVsClass_Interation", "RefAndSpan\StructVsClass\StructVsClass_Interation.csproj", "{7B20127B-3FF7-4A69-A9C9-AB350AEC5730}"
EndProject
Project("{9A19103F-16F7-4668-BE54-9A1E7A4F7556}") = "StructVsClass_MethodParameter", "RefAndSpan\StructVsClass_MethodParameter\StructVsClass_MethodParameter.csproj", "{6AD90B8B-E0D5-4EC3-80A1-76C1C9DB8876}"
EndProject
Project("{9A19103F-16F7-4668-BE54-9A1E7A4F7556}") = "StructVsClass_MethodParameter_PassByReference", "RefAndSpan\StructVsClass_MethodParameter_PassByReference\StructVsClass_MethodParameter_PassByReference.csproj", "{8F110D5A-0197-48FA-B243-8A4D15C40B85}"
EndProject
Project("{FAE04EC0-301F-11D3-BF4B-00C04F79EFBC}") = "RefReturnMatrix", "RefAndSpan\RefReturnMatrix\RefReturnMatrix.csproj", "{31498FC3-3B84-4D8E-8968-A6AFADDB3D67}"
EndProject
Project("{FAE04EC0-301F-11D3-BF4B-00C04F79EFBC}") = "CollectionWithRef", "RefAndSpan\CollectionWithRef\CollectionWithRef.csproj", "{03DBAEC8-59A8-4C9C-B33F-964CC464DF08}"
EndProject
Project("{FAE04EC0-301F-11D3-BF4B-00C04F79EFBC}") = "SpanBasics", "RefAndSpan\SpanBasics\SpanBasics.csproj", "{1FEFF8DE-D848-4E74-87DE-B95F6C5F5125}"
EndProject
Project("{FAE04EC0-301F-11D3-BF4B-00C04F79EFBC}") = "StringParsingWithSpan", "RefAndSpan\StringParsingWithSpan\StringParsingWithSpan.csproj", "{2EB733C5-AEE9-4A0A-8D46-2C5613CA78BA}"
EndProject
Global
	GlobalSection(SolutionConfigurationPlatforms) = preSolution
		Debug|Any CPU = Debug|Any CPU
		Release|Any CPU = Release|Any CPU
	EndGlobalSection
	GlobalSection(ProjectConfigurationPlatforms) = postSolution
		{8DAC2BBE-7064-420E-80BE-E97AA4EADC90}.Debug|Any CPU.ActiveCfg = Debug|Any CPU
		{8DAC2BBE-7064-420E-80BE-E97AA4EADC90}.Debug|Any CPU.Build.0 = Debug|Any CPU
		{8DAC2BBE-7064-420E-80BE-E97AA4EADC90}.Release|Any CPU.ActiveCfg = Release|Any CPU
		{8DAC2BBE-7064-420E-80BE-E97AA4EADC90}.Release|Any CPU.Build.0 = Release|Any CPU
		{86A44F83-3ADE-4C75-BD53-FBB34308F1D0}.Debug|Any CPU.ActiveCfg = Debug|Any CPU
		{86A44F83-3ADE-4C75-BD53-FBB34308F1D0}.Debug|Any CPU.Build.0 = Debug|Any CPU
		{86A44F83-3ADE-4C75-BD53-FBB34308F1D0}.Release|Any CPU.ActiveCfg = Release|Any CPU
		{86A44F83-3ADE-4C75-BD53-FBB34308F1D0}.Release|Any CPU.Build.0 = Release|Any CPU
		{96C745F7-DF84-479B-8EC3-33BB371D1776}.Debug|Any CPU.ActiveCfg = Debug|Any CPU
		{96C745F7-DF84-479B-8EC3-33BB371D1776}.Debug|Any CPU.Build.0 = Debug|Any CPU
		{96C745F7-DF84-479B-8EC3-33BB371D1776}.Release|Any CPU.ActiveCfg = Release|Any CPU
		{96C745F7-DF84-479B-8EC3-33BB371D1776}.Release|Any CPU.Build.0 = Release|Any CPU
		{7B20127B-3FF7-4A69-A9C9-AB350AEC5730}.Debug|Any CPU.ActiveCfg = Debug|Any CPU
		{7B20127B-3FF7-4A69-A9C9-AB350AEC5730}.Debug|Any CPU.Build.0 = Debug|Any CPU
		{7B20127B-3FF7-4A69-A9C9-AB350AEC5730}.Release|Any CPU.ActiveCfg = Release|Any CPU
		{7B20127B-3FF7-4A69-A9C9-AB350AEC5730}.Release|Any CPU.Build.0 = Release|Any CPU
		{6AD90B8B-E0D5-4EC3-80A1-76C1C9DB8876}.Debug|Any CPU.ActiveCfg = Debug|Any CPU
		{6AD90B8B-E0D5-4EC3-80A1-76C1C9DB8876}.Debug|Any CPU.Build.0 = Debug|Any CPU
		{6AD90B8B-E0D5-4EC3-80A1-76C1C9DB8876}.Release|Any CPU.ActiveCfg = Release|Any CPU
		{6AD90B8B-E0D5-4EC3-80A1-76C1C9DB8876}.Release|Any CPU.Build.0 = Release|Any CPU
		{8F110D5A-0197-48FA-B243-8A4D15C40B85}.Debug|Any CPU.ActiveCfg = Debug|Any CPU
		{8F110D5A-0197-48FA-B243-8A4D15C40B85}.Debug|Any CPU.Build.0 = Debug|Any CPU
		{8F110D5A-0197-48FA-B243-8A4D15C40B85}.Release|Any CPU.ActiveCfg = Release|Any CPU
		{8F110D5A-0197-48FA-B243-8A4D15C40B85}.Release|Any CPU.Build.0 = Release|Any CPU
		{31498FC3-3B84-4D8E-8968-A6AFADDB3D67}.Debug|Any CPU.ActiveCfg = Debug|Any CPU
		{31498FC3-3B84-4D8E-8968-A6AFADDB3D67}.Debug|Any CPU.Build.0 = Debug|Any CPU
		{31498FC3-3B84-4D8E-8968-A6AFADDB3D67}.Release|Any CPU.ActiveCfg = Release|Any CPU
		{31498FC3-3B84-4D8E-8968-A6AFADDB3D67}.Release|Any CPU.Build.0 = Release|Any CPU
		{03DBAEC8-59A8-4C9C-B33F-964CC464DF08}.Debug|Any CPU.ActiveCfg = Debug|Any CPU
		{03DBAEC8-59A8-4C9C-B33F-964CC464DF08}.Debug|Any CPU.Build.0 = Debug|Any CPU
		{03DBAEC8-59A8-4C9C-B33F-964CC464DF08}.Release|Any CPU.ActiveCfg = Release|Any CPU
		{03DBAEC8-59A8-4C9C-B33F-964CC464DF08}.Release|Any CPU.Build.0 = Release|Any CPU
		{1FEFF8DE-D848-4E74-87DE-B95F6C5F5125}.Debug|Any CPU.ActiveCfg = Debug|Any CPU
		{1FEFF8DE-D848-4E74-87DE-B95F6C5F5125}.Debug|Any CPU.Build.0 = Debug|Any CPU
		{1FEFF8DE-D848-4E74-87DE-B95F6C5F5125}.Release|Any CPU.ActiveCfg = Release|Any CPU
		{1FEFF8DE-D848-4E74-87DE-B95F6C5F5125}.Release|Any CPU.Build.0 = Release|Any CPU
		{2EB733C5-AEE9-4A0A-8D46-2C5613CA78BA}.Debug|Any CPU.ActiveCfg = Debug|Any CPU
		{2EB733C5-AEE9-4A0A-8D46-2C5613CA78BA}.Debug|Any CPU.Build.0 = Debug|Any CPU
		{2EB733C5-AEE9-4A0A-8D46-2C5613CA78BA}.Release|Any CPU.ActiveCfg = Release|Any CPU
		{2EB733C5-AEE9-4A0A-8D46-2C5613CA78BA}.Release|Any CPU.Build.0 = Release|Any CPU
	EndGlobalSection
	GlobalSection(SolutionProperties) = preSolution
		HideSolutionNode = FALSE
	EndGlobalSection
	GlobalSection(NestedProjects) = preSolution
		{8DAC2BBE-7064-420E-80BE-E97AA4EADC90} = {85B79CBC-621E-44CB-B4A2-6FF4E1E2F282}
		{86A44F83-3ADE-4C75-BD53-FBB34308F1D0} = {BFD6FD69-D581-459A-8017-3C29E5A93801}
		{96C745F7-DF84-479B-8EC3-33BB371D1776} = {85B79CBC-621E-44CB-B4A2-6FF4E1E2F282}
		{7B20127B-3FF7-4A69-A9C9-AB350AEC5730} = {596CDF6B-74C4-40E6-A257-D18BFDC095D5}
		{6AD90B8B-E0D5-4EC3-80A1-76C1C9DB8876} = {596CDF6B-74C4-40E6-A257-D18BFDC095D5}
		{8F110D5A-0197-48FA-B243-8A4D15C40B85} = {596CDF6B-74C4-40E6-A257-D18BFDC095D5}
		{31498FC3-3B84-4D8E-8968-A6AFADDB3D67} = {596CDF6B-74C4-40E6-A257-D18BFDC095D5}
		{03DBAEC8-59A8-4C9C-B33F-964CC464DF08} = {596CDF6B-74C4-40E6-A257-D18BFDC095D5}
		{1FEFF8DE-D848-4E74-87DE-B95F6C5F5125} = {596CDF6B-74C4-40E6-A257-D18BFDC095D5}
		{2EB733C5-AEE9-4A0A-8D46-2C5613CA78BA} = {596CDF6B-74C4-40E6-A257-D18BFDC095D5}
	EndGlobalSection
	GlobalSection(ExtensibilityGlobals) = postSolution
		SolutionGuid = {9B7A8259-2D03-4044-B883-19F6CD70405B}
	EndGlobalSection
EndGlobal
